{
    "dama/doctrine-test-bundle": {
        "version": "6.7",
        "recipe": {
            "repo": "github.com/symfony/recipes-contrib",
            "branch": "master",
            "version": "4.0",
            "ref": "56eaa387b5e48ebcc7c95a893b47dfa1ad51449c"
        },
        "files": [
            "config/packages/test/dama_doctrine_test_bundle.yaml"
        ]
    },
    "easycorp/easyadmin-bundle": {
        "version": "3.5",
        "recipe": {
            "repo": "github.com/symfony/recipes",
            "branch": "master",
            "version": "3.0",
            "ref": "b131e6cbfe1b898a508987851963fff485986285"
        }
    },
    "php-webdriver/webdriver": {
        "version": "1.12.0"
    },
    "symfony/browser-kit": {
        "version": "v5.4.0-BETA1"
    },
    "symfony/dom-crawler": {
        "version": "v5.4.0-BETA1"
    },
    "symfony/form": {
        "version": "v5.4.0-BETA2"
    },
    "symfony/http-client": {
        "version": "v5.4.0-BETA3"
    },
    "symfony/intl": {
        "version": "v5.4.0-BETA2"
    },
    "symfony/maker-bundle": {
        "version": "1.36",
        "recipe": {
            "repo": "github.com/symfony/recipes",
            "branch": "master",
            "version": "1.0",
            "ref": "fadbfe33303a76e25cb63401050439aa9b1a9c7f"
        }
    },
    "symfony/options-resolver": {
        "version": "v5.4.0-BETA1"
    },
    "symfony/panther": {
        "version": "1.1",
        "recipe": {
            "repo": "github.com/symfony/recipes",
            "branch": "master",
            "version": "1.0",
            "ref": "877d853a05c6713665a2f4b954734592680abff6"
        }
    },
    "symfony/password-hasher": {
        "version": "v5.4.0-BETA1"
    },
    "symfony/phpunit-bridge": {
        "version": "6.0",
        "recipe": {
            "repo": "github.com/symfony/recipes",
            "branch": "master",
            "version": "5.3",
            "ref": "97cb3dc7b0f39c7cfc4b7553504c9d7b7795de96"
        },
        "files": [
            ".env.test",
            "bin/phpunit",
            "phpunit.xml.dist",
            "tests/bootstrap.php"
        ]
    },
    "symfony/polyfill-intl-icu": {
        "version": "v1.23.0"
    },
    "symfony/polyfill-uuid": {
        "version": "v1.23.0"
    },
    "symfony/process": {
        "version": "v5.4.0-BETA3"
    },
    "symfony/security-bundle": {
        "version": "5.4",
        "recipe": {
            "repo": "github.com/symfony/recipes",
            "branch": "master",
            "version": "5.3",
            "ref": "3307d76caa2d12fb10ade57975beb3d8975df396"
        },
        "files": [
            "config/packages/security.yaml"
        ]
    },
    "symfony/security-core": {
        "version": "v5.4.0-BETA3"
    },
    "symfony/security-csrf": {
        "version": "v5.4.0-BETA1"
    },
    "symfony/security-guard": {
        "version": "v5.4.0-BETA1"
    },
    "symfony/security-http": {
        "version": "v5.4.0-BETA2"
    },
    "symfony/translation": {
        "version": "5.4",
        "recipe": {
            "repo": "github.com/symfony/recipes",
            "branch": "master",
            "version": "5.3",
            "ref": "da64f5a2b6d96f5dc24914517c0350a5f91dee43"
        },
        "files": [
            "config/packages/translation.yaml",
            "translations/.gitignore"
        ]
    },
    "symfony/uid": {
        "version": "v5.4.0-BETA1"
    }
}
